{
  "name": "@enkore/typescript",
  "version": "0.0.13",
  "lockfileVersion": 3,
  "requires": true,
  "packages": {
    "": {
      "name": "@enkore/typescript",
      "version": "0.0.13",
      "license": "MIT",
      "dependencies": {
        "typescript": "^5.8.3"
      },
      "devDependencies": {
        "@aniojs/node-fs": "^0.5.3",
        "@aniojs/node-ts-utils": "^0.200.1",
        "@aniojs/random-ident": "^0.1.2",
        "@enkore-target/js-node": "^0.0.1",
        "@enkore/core": "^0.6.4",
        "@types/node": "^22.7.7",
        "enkore": "^0.0.16"
      }
    },
    "node_modules/@aniojs/node-fs": {
      "version": "0.5.3",
      "resolved": "https://registry.npmjs.org/@aniojs/node-fs/-/node-fs-0.5.3.tgz",
      "integrity": "sha512-RRe6qvi1Yc3UY0ivnRFpnpH4DMLHoS0PmltfGatr6vkIeWnTbB6HKZzBuUkeL2kZxZe7vATqKH/alrcx0IZIYw==",
      "dev": true,
      "license": "MIT",
      "engines": {
        "node": ">=22.7.x"
      },
      "peerDependencies": {
        "@types/node": ">=22.7.x"
      }
    },
    "node_modules/@aniojs/node-ts-utils": {
      "version": "0.200.1",
      "resolved": "https://registry.npmjs.org/@aniojs/node-ts-utils/-/node-ts-utils-0.200.1.tgz",
      "integrity": "sha512-Y1w3qfQqitx7eHDLafsWtQcG6BfC8hiN7dveijlxtSk0coEVqYZf9Lj7jJkwKNfxxFVHW7LitvuaNqpLyDmC9w==",
      "dev": true,
      "license": "MIT",
      "engines": {
        "node": ">=22.7.x"
      },
      "peerDependencies": {
        "@types/node": ">=22.7.x",
        "typescript": "^5.7.2"
      }
    },
    "node_modules/@aniojs/random-ident": {
      "version": "0.1.2",
      "resolved": "https://registry.npmjs.org/@aniojs/random-ident/-/random-ident-0.1.2.tgz",
      "integrity": "sha512-7+45/HSpDOgfmLnpG/oAp6x84lHObyk1VKtsWlUN96aXnf8AA0XZFv/i5R1b/2QkLPu3cHCxj0TB/p6pzQE68g==",
      "dev": true,
      "license": "MIT",
      "engines": {
        "node": ">=22.7.x"
      },
      "peerDependencies": {
        "@types/node": ">=22.7.x"
      }
    },
    "node_modules/@enkore-target/js-node": {
      "version": "0.0.1",
      "resolved": "https://registry.npmjs.org/@enkore-target/js-node/-/js-node-0.0.1.tgz",
      "integrity": "sha512-WnBfHhKcGQGPZHkRF3eNed/3UxwiiNZw3kaWpHia8EJzJnjv6vEROU7bZ1ksaWFcOeuDNlY9NiqBZb2SaDKOyA==",
      "dev": true,
      "license": "MIT",
      "peerDependencies": {
        "@types/node": ">=22.7.x"
      }
    },
    "node_modules/@enkore/core": {
      "version": "0.6.4",
      "resolved": "https://registry.npmjs.org/@enkore/core/-/core-0.6.4.tgz",
      "integrity": "sha512-HsFzorXNMGcjn6u1IQOhP1QQwHBM6nwXZ8y9u+NSaXSifbhB1DDEnPLA4veS4PvJ41F09Z5bVuXSA2xH3eyjxA==",
      "dev": true,
      "license": "MIT"
    },
    "node_modules/@types/node": {
      "version": "22.10.1",
      "resolved": "https://registry.npmjs.org/@types/node/-/node-22.10.1.tgz",
      "integrity": "sha512-qKgsUwfHZV2WCWLAnVP1JqnpE6Im6h3Y0+fYgMTasNQ7V++CBX5OT1as0g0f+OyubbFqhf6XVNIsmN4IIhEgGQ==",
      "dev": true,
      "license": "MIT",
      "dependencies": {
        "undici-types": "~6.20.0"
      }
    },
    "node_modules/enkore": {
      "version": "0.0.16",
      "resolved": "https://registry.npmjs.org/enkore/-/enkore-0.0.16.tgz",
      "integrity": "sha512-kgnPQB9rcS8gu0oW/7ErHpYQJvTcm0fIAOOILDaAMtyoWz259qAX+8PdBOH1RBzrV1yx1JnTZ+Q/LiSXXxJC9g==",
      "dev": true,
      "license": "MIT",
      "bin": {
        "enkore": "cli.mjs"
      }
    },
    "node_modules/typescript": {
      "version": "5.8.3",
      "resolved": "https://registry.npmjs.org/typescript/-/typescript-5.8.3.tgz",
      "integrity": "sha512-p1diW6TqL9L07nNxvRMM7hMMw4c5XOo/1ibL4aAIGmSAt9slTE1Xgw5KWuof2uTOvCg9BY7ZRi+GaF+7sfgPeQ==",
      "license": "Apache-2.0",
      "bin": {
        "tsc": "bin/tsc",
        "tsserver": "bin/tsserver"
      },
      "engines": {
        "node": ">=14.17"
      }
    },
    "node_modules/undici-types": {
      "version": "6.20.0",
      "resolved": "https://registry.npmjs.org/undici-types/-/undici-types-6.20.0.tgz",
      "integrity": "sha512-Ny6QZ2Nju20vw1SRHe3d9jVu6gJ+4e3+MMpqu7pqE5HT6WsTSlce++GQmK5UXS8mzV8DSYHrQH+Xrf2jVcuKNg==",
      "dev": true,
      "license": "MIT"
    }
  }
}
